
Microsoft Visual Studio Solution File, Format Version 12.00
# Visual Studio Version 17
VisualStudioVersion = 17.9.34607.119
MinimumVisualStudioVersion = 10.0.40219.1
Project("{FAE04EC0-301F-11D3-BF4B-00C04F79EFBC}") = "FireBaseTest", "FireBaseTest.csproj", "{CD6B220C-AEC9-46D2-B91C-9F81C543D648}"
EndProject
Global
	GlobalSection(SolutionConfigurationPlatforms) = preSolution
		Debug|Any CPU = Debug|Any CPU
		Release|Any CPU = Release|Any CPU
	EndGlobalSection
	GlobalSection(ProjectConfigurationPlatforms) = postSolution
		{CD6B220C-AEC9-46D2-B91C-9F81C543D648}.Debug|Any CPU.ActiveCfg = Debug|Any CPU
		{CD6B220C-AEC9-46D2-B91C-9F81C543D648}.Debug|Any CPU.Build.0 = Debug|Any CPU
		{CD6B220C-AEC9-46D2-B91C-9F81C543D648}.Release|Any CPU.ActiveCfg = Release|Any CPU
		{CD6B220C-AEC9-46D2-B91C-9F81C543D648}.Release|Any CPU.Build.0 = Release|Any CPU
	EndGlobalSection
	GlobalSection(SolutionProperties) = preSolution
		HideSolutionNode = FALSE
	EndGlobalSection
	GlobalSection(ExtensibilityGlobals) = postSolution
		SolutionGuid = {39E3F74F-97AF-44D0-A236-ECC44BEA0206}
	EndGlobalSection
EndGlobal
